
Microsoft Visual Studio Solution File, Format Version 12.00
# Visual Studio Version 16
VisualStudioVersion = 16.0.31129.286
MinimumVisualStudioVersion = 10.0.40219.1
Project("{2150E333-8FDC-42A3-9474-1A3956D46DE8}") = "Services", "Services", "{111F533E-E36C-44E3-BB4A-62E59D1C8575}"
EndProject
Project("{2150E333-8FDC-42A3-9474-1A3956D46DE8}") = "Catalog", "Catalog", "{DE91C4E7-38C3-4245-BEBE-71B156B9FBB5}"
EndProject
Project("{9A19103F-16F7-4668-BE54-9A1E7A4F7556}") = "Catalog.API", "Services\Catalog\Catalog.API\Catalog.API.csproj", "{D7A1F3C7-9EE9-488B-90FF-949922B8FAB4}"
EndProject
Project("{E53339B2-1760-4266-BCC7-CA923CBCF16C}") = "docker-compose", "docker-compose.dcproj", "{4724C614-B183-474C-8247-B1C7CCF76A22}"
EndProject
Project("{2150E333-8FDC-42A3-9474-1A3956D46DE8}") = "Basket", "Basket", "{092CA09B-1B65-4511-A0B9-0AB92B753AFA}"
EndProject
Project("{FAE04EC0-301F-11D3-BF4B-00C04F79EFBC}") = "Basket.API", "Services\Basket\Basket.API\Basket.API.csproj", "{463D2A5B-A928-45EB-8BD7-E14F42A9C1A9}"
EndProject
Global
	GlobalSection(SolutionConfigurationPlatforms) = preSolution
		Debug|Any CPU = Debug|Any CPU
		Release|Any CPU = Release|Any CPU
	EndGlobalSection
	GlobalSection(ProjectConfigurationPlatforms) = postSolution
		{D7A1F3C7-9EE9-488B-90FF-949922B8FAB4}.Debug|Any CPU.ActiveCfg = Debug|Any CPU
		{D7A1F3C7-9EE9-488B-90FF-949922B8FAB4}.Debug|Any CPU.Build.0 = Debug|Any CPU
		{D7A1F3C7-9EE9-488B-90FF-949922B8FAB4}.Release|Any CPU.ActiveCfg = Release|Any CPU
		{D7A1F3C7-9EE9-488B-90FF-949922B8FAB4}.Release|Any CPU.Build.0 = Release|Any CPU
		{4724C614-B183-474C-8247-B1C7CCF76A22}.Debug|Any CPU.ActiveCfg = Debug|Any CPU
		{4724C614-B183-474C-8247-B1C7CCF76A22}.Debug|Any CPU.Build.0 = Debug|Any CPU
		{4724C614-B183-474C-8247-B1C7CCF76A22}.Release|Any CPU.ActiveCfg = Release|Any CPU
		{4724C614-B183-474C-8247-B1C7CCF76A22}.Release|Any CPU.Build.0 = Release|Any CPU
		{463D2A5B-A928-45EB-8BD7-E14F42A9C1A9}.Debug|Any CPU.ActiveCfg = Debug|Any CPU
		{463D2A5B-A928-45EB-8BD7-E14F42A9C1A9}.Debug|Any CPU.Build.0 = Debug|Any CPU
		{463D2A5B-A928-45EB-8BD7-E14F42A9C1A9}.Release|Any CPU.ActiveCfg = Release|Any CPU
		{463D2A5B-A928-45EB-8BD7-E14F42A9C1A9}.Release|Any CPU.Build.0 = Release|Any CPU
	EndGlobalSection
	GlobalSection(SolutionProperties) = preSolution
		HideSolutionNode = FALSE
	EndGlobalSection
	GlobalSection(NestedProjects) = preSolution
		{DE91C4E7-38C3-4245-BEBE-71B156B9FBB5} = {111F533E-E36C-44E3-BB4A-62E59D1C8575}
		{D7A1F3C7-9EE9-488B-90FF-949922B8FAB4} = {DE91C4E7-38C3-4245-BEBE-71B156B9FBB5}
		{092CA09B-1B65-4511-A0B9-0AB92B753AFA} = {111F533E-E36C-44E3-BB4A-62E59D1C8575}
		{463D2A5B-A928-45EB-8BD7-E14F42A9C1A9} = {092CA09B-1B65-4511-A0B9-0AB92B753AFA}
	EndGlobalSection
	GlobalSection(ExtensibilityGlobals) = postSolution
		SolutionGuid = {35F8F9A7-54E1-433B-BF47-2201ECFFA63A}
	EndGlobalSection
EndGlobal
